
Microsoft Visual Studio Solution File, Format Version 12.00
# Visual Studio Version 17
VisualStudioVersion = 17.9.34728.123
MinimumVisualStudioVersion = 10.0.40219.1
Project("{FAE04EC0-301F-11D3-BF4B-00C04F79EFBC}") = "CHNUCooin", "CHNUCooin\CHNUCooin.csproj", "{4573B66C-9C5F-4DE9-8088-BE0544205F64}"
EndProject
Global
	GlobalSection(SolutionConfigurationPlatforms) = preSolution
		Debug|Any CPU = Debug|Any CPU
		Release|Any CPU = Release|Any CPU
	EndGlobalSection
	GlobalSection(ProjectConfigurationPlatforms) = postSolution
		{4573B66C-9C5F-4DE9-8088-BE0544205F64}.Debug|Any CPU.ActiveCfg = Debug|Any CPU
		{4573B66C-9C5F-4DE9-8088-BE0544205F64}.Debug|Any CPU.Build.0 = Debug|Any CPU
		{4573B66C-9C5F-4DE9-8088-BE0544205F64}.Release|Any CPU.ActiveCfg = Release|Any CPU
		{4573B66C-9C5F-4DE9-8088-BE0544205F64}.Release|Any CPU.Build.0 = Release|Any CPU
	EndGlobalSection
	GlobalSection(SolutionProperties) = preSolution
		HideSolutionNode = FALSE
	EndGlobalSection
	GlobalSection(ExtensibilityGlobals) = postSolution
		SolutionGuid = {AD55B151-C667-402E-87B8-A6535F0B4E31}
	EndGlobalSection
EndGlobal
